
Microsoft Visual Studio Solution File, Format Version 12.00
# Visual Studio 2013
VisualStudioVersion = 12.0.30501.0
MinimumVisualStudioVersion = 10.0.40219.1
Project("{FAE04EC0-301F-11D3-BF4B-00C04F79EFBC}") = "MyCompany.SC65", "MyCompany.Sitecore\MyCompany.SC65.csproj", "{B1ACDC04-9B97-4987-AE04-E13DB4B6E7FB}"
EndProject
Project("{FAE04EC0-301F-11D3-BF4B-00C04F79EFBC}") = "MyCompany.SC7", "MyCompany.Sitecore\MyCompany.SC7.csproj", "{CDE82456-70F6-4918-AD3D-5395AFFE1ED0}"
EndProject
Project("{FAE04EC0-301F-11D3-BF4B-00C04F79EFBC}") = "MyCompany.SC72", "MyCompany.Sitecore\MyCompany.SC72.csproj", "{797DF978-F42E-4F96-9017-60C39068CB26}"
EndProject
Global
	GlobalSection(SolutionConfigurationPlatforms) = preSolution
		Debug|Any CPU = Debug|Any CPU
		Release|Any CPU = Release|Any CPU
	EndGlobalSection
	GlobalSection(ProjectConfigurationPlatforms) = postSolution
		{B1ACDC04-9B97-4987-AE04-E13DB4B6E7FB}.Debug|Any CPU.ActiveCfg = Debug|Any CPU
		{B1ACDC04-9B97-4987-AE04-E13DB4B6E7FB}.Debug|Any CPU.Build.0 = Debug|Any CPU
		{B1ACDC04-9B97-4987-AE04-E13DB4B6E7FB}.Release|Any CPU.ActiveCfg = Release|Any CPU
		{B1ACDC04-9B97-4987-AE04-E13DB4B6E7FB}.Release|Any CPU.Build.0 = Release|Any CPU
		{CDE82456-70F6-4918-AD3D-5395AFFE1ED0}.Debug|Any CPU.ActiveCfg = Debug|Any CPU
		{CDE82456-70F6-4918-AD3D-5395AFFE1ED0}.Debug|Any CPU.Build.0 = Debug|Any CPU
		{CDE82456-70F6-4918-AD3D-5395AFFE1ED0}.Release|Any CPU.ActiveCfg = Release|Any CPU
		{CDE82456-70F6-4918-AD3D-5395AFFE1ED0}.Release|Any CPU.Build.0 = Release|Any CPU
		{797DF978-F42E-4F96-9017-60C39068CB26}.Debug|Any CPU.ActiveCfg = Debug|Any CPU
		{797DF978-F42E-4F96-9017-60C39068CB26}.Debug|Any CPU.Build.0 = Debug|Any CPU
		{797DF978-F42E-4F96-9017-60C39068CB26}.Release|Any CPU.ActiveCfg = Release|Any CPU
		{797DF978-F42E-4F96-9017-60C39068CB26}.Release|Any CPU.Build.0 = Release|Any CPU
	EndGlobalSection
	GlobalSection(SolutionProperties) = preSolution
		HideSolutionNode = FALSE
	EndGlobalSection
EndGlobal
